
Microsoft Visual Studio Solution File, Format Version 12.00
# Visual Studio Version 17
VisualStudioVersion = 17.3.32901.215
MinimumVisualStudioVersion = 10.0.40219.1
Project("{FAE04EC0-301F-11D3-BF4B-00C04F79EFBC}") = "test", "test\test.csproj", "{06B3A941-1D64-4527-AC57-55F862031FC0}"
EndProject
Global
	GlobalSection(SolutionConfigurationPlatforms) = preSolution
		Debug|Any CPU = Debug|Any CPU
		Release|Any CPU = Release|Any CPU
	EndGlobalSection
	GlobalSection(ProjectConfigurationPlatforms) = postSolution
		{06B3A941-1D64-4527-AC57-55F862031FC0}.Debug|Any CPU.ActiveCfg = Debug|Any CPU
		{06B3A941-1D64-4527-AC57-55F862031FC0}.Debug|Any CPU.Build.0 = Debug|Any CPU
		{06B3A941-1D64-4527-AC57-55F862031FC0}.Release|Any CPU.ActiveCfg = Release|Any CPU
		{06B3A941-1D64-4527-AC57-55F862031FC0}.Release|Any CPU.Build.0 = Release|Any CPU
	EndGlobalSection
	GlobalSection(SolutionProperties) = preSolution
		HideSolutionNode = FALSE
	EndGlobalSection
	GlobalSection(ExtensibilityGlobals) = postSolution
		SolutionGuid = {57A6DA3F-7133-4785-98D3-97BBCE16AE67}
	EndGlobalSection
EndGlobal
